
Microsoft Visual Studio Solution File, Format Version 12.00
# Visual Studio 15
VisualStudioVersion = 15.0.28307.271
MinimumVisualStudioVersion = 10.0.40219.1
Project("{9092AA53-FB77-4645-B42D-1CCCA6BD08BD}") = "NodejsWebApp1", "NodejsWebApp1\NodejsWebApp1.njsproj", "{10FDAAA1-4356-45CF-B3CB-B96487AEAD6A}"
EndProject
Global
	GlobalSection(SolutionConfigurationPlatforms) = preSolution
		Debug|Any CPU = Debug|Any CPU
		Release|Any CPU = Release|Any CPU
	EndGlobalSection
	GlobalSection(ProjectConfigurationPlatforms) = postSolution
		{10FDAAA1-4356-45CF-B3CB-B96487AEAD6A}.Debug|Any CPU.ActiveCfg = Debug|Any CPU
		{10FDAAA1-4356-45CF-B3CB-B96487AEAD6A}.Debug|Any CPU.Build.0 = Debug|Any CPU
		{10FDAAA1-4356-45CF-B3CB-B96487AEAD6A}.Release|Any CPU.ActiveCfg = Release|Any CPU
		{10FDAAA1-4356-45CF-B3CB-B96487AEAD6A}.Release|Any CPU.Build.0 = Release|Any CPU
	EndGlobalSection
	GlobalSection(SolutionProperties) = preSolution
		HideSolutionNode = FALSE
	EndGlobalSection
	GlobalSection(ExtensibilityGlobals) = postSolution
		SolutionGuid = {D352C341-909E-4DE8-9F7E-0FB91C70CC76}
	EndGlobalSection
EndGlobal
